
Microsoft Visual Studio Solution File, Format Version 12.00
# Visual Studio Version 17
VisualStudioVersion = 17.9.34701.34
MinimumVisualStudioVersion = 10.0.40219.1
Project("{FAE04EC0-301F-11D3-BF4B-00C04F79EFBC}") = "EvaluacionRengifo", "EvaluacionRengifo\EvaluacionRengifo.csproj", "{2D2A87EC-8D19-46F6-9799-A66E6C033957}"
EndProject
Global
	GlobalSection(SolutionConfigurationPlatforms) = preSolution
		Debug|Any CPU = Debug|Any CPU
		Release|Any CPU = Release|Any CPU
	EndGlobalSection
	GlobalSection(ProjectConfigurationPlatforms) = postSolution
		{2D2A87EC-8D19-46F6-9799-A66E6C033957}.Debug|Any CPU.ActiveCfg = Debug|Any CPU
		{2D2A87EC-8D19-46F6-9799-A66E6C033957}.Debug|Any CPU.Build.0 = Debug|Any CPU
		{2D2A87EC-8D19-46F6-9799-A66E6C033957}.Debug|Any CPU.Deploy.0 = Debug|Any CPU
		{2D2A87EC-8D19-46F6-9799-A66E6C033957}.Release|Any CPU.ActiveCfg = Release|Any CPU
		{2D2A87EC-8D19-46F6-9799-A66E6C033957}.Release|Any CPU.Build.0 = Release|Any CPU
		{2D2A87EC-8D19-46F6-9799-A66E6C033957}.Release|Any CPU.Deploy.0 = Release|Any CPU
	EndGlobalSection
	GlobalSection(SolutionProperties) = preSolution
		HideSolutionNode = FALSE
	EndGlobalSection
	GlobalSection(ExtensibilityGlobals) = postSolution
		SolutionGuid = {E7DFA237-2F94-42B3-AB49-27242F504858}
	EndGlobalSection
EndGlobal
